
Microsoft Visual Studio Solution File, Format Version 12.00
# Visual Studio Version 17
VisualStudioVersion = 17.14.36203.30 d17.14
MinimumVisualStudioVersion = 10.0.40219.1
Project("{FAE04EC0-301F-11D3-BF4B-00C04F79EFBC}") = "PL", "PL\PL.csproj", "{E20DC241-B6A1-401E-95E5-A4111DDC4072}"
EndProject
Global
	GlobalSection(SolutionConfigurationPlatforms) = preSolution
		Debug|Any CPU = Debug|Any CPU
		Release|Any CPU = Release|Any CPU
	EndGlobalSection
	GlobalSection(ProjectConfigurationPlatforms) = postSolution
		{E20DC241-B6A1-401E-95E5-A4111DDC4072}.Debug|Any CPU.ActiveCfg = Debug|Any CPU
		{E20DC241-B6A1-401E-95E5-A4111DDC4072}.Debug|Any CPU.Build.0 = Debug|Any CPU
		{E20DC241-B6A1-401E-95E5-A4111DDC4072}.Release|Any CPU.ActiveCfg = Release|Any CPU
		{E20DC241-B6A1-401E-95E5-A4111DDC4072}.Release|Any CPU.Build.0 = Release|Any CPU
	EndGlobalSection
	GlobalSection(SolutionProperties) = preSolution
		HideSolutionNode = FALSE
	EndGlobalSection
	GlobalSection(ExtensibilityGlobals) = postSolution
		SolutionGuid = {24734928-4998-483A-9ED1-7B7FEE1E569E}
	EndGlobalSection
EndGlobal
